// !$*UTF8*$!
{
	archiveVersion = 1;
	classes = {
	};
	objectVersion = 55;
	objects = {

/* Begin PBXBuildFile section */
		3C0351D42A4CDF7D00B4C73C /* AssistantAdder.swift in Sources */ = {isa = PBXBuildFile; fileRef = 3C0351D32A4CDF7D00B4C73C /* AssistantAdder.swift */; };
		3C0351D72A4CF57200B4C73C /* Icons.swift in Sources */ = {isa = PBXBuildFile; fileRef = 3C0351D62A4CF57200B4C73C /* Icons.swift */; };
		3C0351D92A4CFDF300B4C73C /* tempAssistant.swift in Sources */ = {isa = PBXBuildFile; fileRef = 3C0351D82A4CFDF300B4C73C /* tempAssistant.swift */; };
		3C0351DB2A4D290D00B4C73C /* SettingsView.swift in Sources */ = {isa = PBXBuildFile; fileRef = 3C0351DA2A4D290D00B4C73C /* SettingsView.swift */; };
		3C130FB32A4CC1C0003D2181 /* AssistantView.swift in Sources */ = {isa = PBXBuildFile; fileRef = 3C130FB22A4CC1C0003D2181 /* AssistantView.swift */; };
		3C130FB72A4CC639003D2181 /* Assistants.xcdatamodeld in Sources */ = {isa = PBXBuildFile; fileRef = 3C130FB52A4CC639003D2181 /* Assistants.xcdatamodeld */; };
		3C130FB92A4CC883003D2181 /* DataController.swift in Sources */ = {isa = PBXBuildFile; fileRef = 3C130FB82A4CC883003D2181 /* DataController.swift */; };
		3C94629B2A4B814100A47461 /* Hal_Ios_AppApp.swift in Sources */ = {isa = PBXBuildFile; fileRef = 3C94629A2A4B814100A47461 /* Hal_Ios_AppApp.swift */; };
		3C94629D2A4B814100A47461 /* ContentView.swift in Sources */ = {isa = PBXBuildFile; fileRef = 3C94629C2A4B814100A47461 /* ContentView.swift */; };
		3C94629F2A4B814300A47461 /* Assets.xcassets in Resources */ = {isa = PBXBuildFile; fileRef = 3C94629E2A4B814300A47461 /* Assets.xcassets */; };
		3C9462A22A4B814300A47461 /* Preview Assets.xcassets in Resources */ = {isa = PBXBuildFile; fileRef = 3C9462A12A4B814300A47461 /* Preview Assets.xcassets */; };
		3C9462AC2A4B814400A47461 /* Hal_Ios_AppTests.swift in Sources */ = {isa = PBXBuildFile; fileRef = 3C9462AB2A4B814400A47461 /* Hal_Ios_AppTests.swift */; };
		3C9462B62A4B814400A47461 /* Hal_Ios_AppUITests.swift in Sources */ = {isa = PBXBuildFile; fileRef = 3C9462B52A4B814400A47461 /* Hal_Ios_AppUITests.swift */; };
		3C9462B82A4B814400A47461 /* Hal_Ios_AppUITestsLaunchTests.swift in Sources */ = {isa = PBXBuildFile; fileRef = 3C9462B72A4B814400A47461 /* Hal_Ios_AppUITestsLaunchTests.swift */; };
		3C9462C52A4B986900A47461 /* InstallSkill.swift in Sources */ = {isa = PBXBuildFile; fileRef = 3C9462C42A4B986900A47461 /* InstallSkill.swift */; };
		3C969EE32A4DFFFC004B2995 /* SkillAddView.swift in Sources */ = {isa = PBXBuildFile; fileRef = 3C969EE22A4DFFFC004B2995 /* SkillAddView.swift */; };
		3C969EE82A4E3EED004B2995 /* ModifySkillsView.swift in Sources */ = {isa = PBXBuildFile; fileRef = 3C969EE72A4E3EED004B2995 /* ModifySkillsView.swift */; };
		3C969EEB2A4E3F35004B2995 /* RemoveSkill.swift in Sources */ = {isa = PBXBuildFile; fileRef = 3C969EEA2A4E3F35004B2995 /* RemoveSkill.swift */; };
		3C969EED2A4E3F8F004B2995 /* GetInstalledSkills.swift in Sources */ = {isa = PBXBuildFile; fileRef = 3C969EEC2A4E3F8F004B2995 /* GetInstalledSkills.swift */; };
		3C969EEF2A4E3FA0004B2995 /* CheckConnection.swift in Sources */ = {isa = PBXBuildFile; fileRef = 3C969EEE2A4E3FA0004B2995 /* CheckConnection.swift */; };
		3C969EF12A4E4FC2004B2995 /* GetSettingsMeta.swift in Sources */ = {isa = PBXBuildFile; fileRef = 3C969EF02A4E4FC2004B2995 /* GetSettingsMeta.swift */; };
		3C969EF62A4F2FD5004B2995 /* SetSkill.swift in Sources */ = {isa = PBXBuildFile; fileRef = 3C969EF52A4F2FD5004B2995 /* SetSkill.swift */; };
/* End PBXBuildFile section */

/* Begin PBXContainerItemProxy section */
		3C9462A82A4B814300A47461 /* PBXContainerItemProxy */ = {
			isa = PBXContainerItemProxy;
			containerPortal = 3C94628F2A4B814100A47461 /* Project object */;
			proxyType = 1;
			remoteGlobalIDString = 3C9462962A4B814100A47461;
			remoteInfo = "Hal Ios App";
		};
		3C9462B22A4B814400A47461 /* PBXContainerItemProxy */ = {
			isa = PBXContainerItemProxy;
			containerPortal = 3C94628F2A4B814100A47461 /* Project object */;
			proxyType = 1;
			remoteGlobalIDString = 3C9462962A4B814100A47461;
			remoteInfo = "Hal Ios App";
		};
/* End PBXContainerItemProxy section */

/* Begin PBXFileReference section */
		3C0351D32A4CDF7D00B4C73C /* AssistantAdder.swift */ = {isa = PBXFileReference; lastKnownFileType = sourcecode.swift; path = AssistantAdder.swift; sourceTree = "<group>"; };
		3C0351D62A4CF57200B4C73C /* Icons.swift */ = {isa = PBXFileReference; lastKnownFileType = sourcecode.swift; path = Icons.swift; sourceTree = "<group>"; };
		3C0351D82A4CFDF300B4C73C /* tempAssistant.swift */ = {isa = PBXFileReference; lastKnownFileType = sourcecode.swift; path = tempAssistant.swift; sourceTree = "<group>"; };
		3C0351DA2A4D290D00B4C73C /* SettingsView.swift */ = {isa = PBXFileReference; lastKnownFileType = sourcecode.swift; path = SettingsView.swift; sourceTree = "<group>"; };
		3C130FB22A4CC1C0003D2181 /* AssistantView.swift */ = {isa = PBXFileReference; lastKnownFileType = sourcecode.swift; path = AssistantView.swift; sourceTree = "<group>"; };
		3C130FB62A4CC639003D2181 /* Assistants.xcdatamodel */ = {isa = PBXFileReference; lastKnownFileType = wrapper.xcdatamodel; path = Assistants.xcdatamodel; sourceTree = "<group>"; };
		3C130FB82A4CC883003D2181 /* DataController.swift */ = {isa = PBXFileReference; lastKnownFileType = sourcecode.swift; path = DataController.swift; sourceTree = "<group>"; };
		3C9462972A4B814100A47461 /* Hal Ios App.app */ = {isa = PBXFileReference; explicitFileType = wrapper.application; includeInIndex = 0; path = "Hal Ios App.app"; sourceTree = BUILT_PRODUCTS_DIR; };
		3C94629A2A4B814100A47461 /* Hal_Ios_AppApp.swift */ = {isa = PBXFileReference; lastKnownFileType = sourcecode.swift; path = Hal_Ios_AppApp.swift; sourceTree = "<group>"; };
		3C94629C2A4B814100A47461 /* ContentView.swift */ = {isa = PBXFileReference; lastKnownFileType = sourcecode.swift; path = ContentView.swift; sourceTree = "<group>"; };
		3C94629E2A4B814300A47461 /* Assets.xcassets */ = {isa = PBXFileReference; lastKnownFileType = folder.assetcatalog; path = Assets.xcassets; sourceTree = "<group>"; };
		3C9462A12A4B814300A47461 /* Preview Assets.xcassets */ = {isa = PBXFileReference; lastKnownFileType = folder.assetcatalog; path = "Preview Assets.xcassets"; sourceTree = "<group>"; };
		3C9462A72A4B814300A47461 /* Hal Ios AppTests.xctest */ = {isa = PBXFileReference; explicitFileType = wrapper.cfbundle; includeInIndex = 0; path = "Hal Ios AppTests.xctest"; sourceTree = BUILT_PRODUCTS_DIR; };
		3C9462AB2A4B814400A47461 /* Hal_Ios_AppTests.swift */ = {isa = PBXFileReference; lastKnownFileType = sourcecode.swift; path = Hal_Ios_AppTests.swift; sourceTree = "<group>"; };
		3C9462B12A4B814400A47461 /* Hal Ios AppUITests.xctest */ = {isa = PBXFileReference; explicitFileType = wrapper.cfbundle; includeInIndex = 0; path = "Hal Ios AppUITests.xctest"; sourceTree = BUILT_PRODUCTS_DIR; };
		3C9462B52A4B814400A47461 /* Hal_Ios_AppUITests.swift */ = {isa = PBXFileReference; lastKnownFileType = sourcecode.swift; path = Hal_Ios_AppUITests.swift; sourceTree = "<group>"; };
		3C9462B72A4B814400A47461 /* Hal_Ios_AppUITestsLaunchTests.swift */ = {isa = PBXFileReference; lastKnownFileType = sourcecode.swift; path = Hal_Ios_AppUITestsLaunchTests.swift; sourceTree = "<group>"; };
		3C9462C42A4B986900A47461 /* InstallSkill.swift */ = {isa = PBXFileReference; lastKnownFileType = sourcecode.swift; path = InstallSkill.swift; sourceTree = "<group>"; };
		3C969EE22A4DFFFC004B2995 /* SkillAddView.swift */ = {isa = PBXFileReference; lastKnownFileType = sourcecode.swift; path = SkillAddView.swift; sourceTree = "<group>"; };
		3C969EE72A4E3EED004B2995 /* ModifySkillsView.swift */ = {isa = PBXFileReference; lastKnownFileType = sourcecode.swift; path = ModifySkillsView.swift; sourceTree = "<group>"; };
		3C969EEA2A4E3F35004B2995 /* RemoveSkill.swift */ = {isa = PBXFileReference; lastKnownFileType = sourcecode.swift; path = RemoveSkill.swift; sourceTree = "<group>"; };
		3C969EEC2A4E3F8F004B2995 /* GetInstalledSkills.swift */ = {isa = PBXFileReference; lastKnownFileType = sourcecode.swift; path = GetInstalledSkills.swift; sourceTree = "<group>"; };
		3C969EEE2A4E3FA0004B2995 /* CheckConnection.swift */ = {isa = PBXFileReference; lastKnownFileType = sourcecode.swift; path = CheckConnection.swift; sourceTree = "<group>"; };
		3C969EF02A4E4FC2004B2995 /* GetSettingsMeta.swift */ = {isa = PBXFileReference; lastKnownFileType = sourcecode.swift; path = GetSettingsMeta.swift; sourceTree = "<group>"; };
		3C969EF52A4F2FD5004B2995 /* SetSkill.swift */ = {isa = PBXFileReference; lastKnownFileType = sourcecode.swift; path = SetSkill.swift; sourceTree = "<group>"; };
/* End PBXFileReference section */

/* Begin PBXFrameworksBuildPhase section */
		3C9462942A4B814100A47461 /* Frameworks */ = {
			isa = PBXFrameworksBuildPhase;
			buildActionMask = 2147483647;
			files = (
			);
			runOnlyForDeploymentPostprocessing = 0;
		};
		3C9462A42A4B814300A47461 /* Frameworks */ = {
			isa = PBXFrameworksBuildPhase;
			buildActionMask = 2147483647;
			files = (
			);
			runOnlyForDeploymentPostprocessing = 0;
		};
		3C9462AE2A4B814400A47461 /* Frameworks */ = {
			isa = PBXFrameworksBuildPhase;
			buildActionMask = 2147483647;
			files = (
			);
			runOnlyForDeploymentPostprocessing = 0;
		};
/* End PBXFrameworksBuildPhase section */

/* Begin PBXGroup section */
		3C0351D52A4CF4B700B4C73C /* Views */ = {
			isa = PBXGroup;
			children = (
				3C0351D32A4CDF7D00B4C73C /* AssistantAdder.swift */,
				3C94629C2A4B814100A47461 /* ContentView.swift */,
				3C130FB22A4CC1C0003D2181 /* AssistantView.swift */,
				3C0351DA2A4D290D00B4C73C /* SettingsView.swift */,
				3C969EE22A4DFFFC004B2995 /* SkillAddView.swift */,
				3C969EF42A4F0A23004B2995 /* ModifySkillsView */,
			);
			path = Views;
			sourceTree = "<group>";
		};
		3C94628E2A4B814100A47461 = {
			isa = PBXGroup;
			children = (
				3C9462992A4B814100A47461 /* Hal Ios App */,
				3C9462AA2A4B814300A47461 /* Hal Ios AppTests */,
				3C9462B42A4B814400A47461 /* Hal Ios AppUITests */,
				3C9462982A4B814100A47461 /* Products */,
			);
			sourceTree = "<group>";
		};
		3C9462982A4B814100A47461 /* Products */ = {
			isa = PBXGroup;
			children = (
				3C9462972A4B814100A47461 /* Hal Ios App.app */,
				3C9462A72A4B814300A47461 /* Hal Ios AppTests.xctest */,
				3C9462B12A4B814400A47461 /* Hal Ios AppUITests.xctest */,
			);
			name = Products;
			sourceTree = "<group>";
		};
		3C9462992A4B814100A47461 /* Hal Ios App */ = {
			isa = PBXGroup;
			children = (
				3C0351D52A4CF4B700B4C73C /* Views */,
				3C94629A2A4B814100A47461 /* Hal_Ios_AppApp.swift */,
				3C130FB82A4CC883003D2181 /* DataController.swift */,
				3C130FB52A4CC639003D2181 /* Assistants.xcdatamodeld */,
				3C94629E2A4B814300A47461 /* Assets.xcassets */,
				3C9462A02A4B814300A47461 /* Preview Content */,
				3C969EE92A4E3F11004B2995 /* Folder */,
				3C0351D62A4CF57200B4C73C /* Icons.swift */,
				3C0351D82A4CFDF300B4C73C /* tempAssistant.swift */,
			);
			path = "Hal Ios App";
			sourceTree = "<group>";
		};
		3C9462A02A4B814300A47461 /* Preview Content */ = {
			isa = PBXGroup;
			children = (
				3C9462A12A4B814300A47461 /* Preview Assets.xcassets */,
			);
			path = "Preview Content";
			sourceTree = "<group>";
		};
		3C9462AA2A4B814300A47461 /* Hal Ios AppTests */ = {
			isa = PBXGroup;
			children = (
				3C9462AB2A4B814400A47461 /* Hal_Ios_AppTests.swift */,
			);
			path = "Hal Ios AppTests";
			sourceTree = "<group>";
		};
		3C9462B42A4B814400A47461 /* Hal Ios AppUITests */ = {
			isa = PBXGroup;
			children = (
				3C9462B52A4B814400A47461 /* Hal_Ios_AppUITests.swift */,
				3C9462B72A4B814400A47461 /* Hal_Ios_AppUITestsLaunchTests.swift */,
			);
			path = "Hal Ios AppUITests";
			sourceTree = "<group>";
		};
		3C969EE92A4E3F11004B2995 /* Folder */ = {
			isa = PBXGroup;
			children = (
				3C9462C42A4B986900A47461 /* InstallSkill.swift */,
				3C969EEA2A4E3F35004B2995 /* RemoveSkill.swift */,
				3C969EEC2A4E3F8F004B2995 /* GetInstalledSkills.swift */,
				3C969EEE2A4E3FA0004B2995 /* CheckConnection.swift */,
				3C969EF02A4E4FC2004B2995 /* GetSettingsMeta.swift */,
				3C969EF52A4F2FD5004B2995 /* SetSkill.swift */,
			);
			path = Folder;
			sourceTree = "<group>";
		};
		3C969EF42A4F0A23004B2995 /* ModifySkillsView */ = {
			isa = PBXGroup;
			children = (
				3C969EE72A4E3EED004B2995 /* ModifySkillsView.swift */,
			);
			path = ModifySkillsView;
			sourceTree = "<group>";
		};
/* End PBXGroup section */

/* Begin PBXNativeTarget section */
		3C9462962A4B814100A47461 /* Hal Ios App */ = {
			isa = PBXNativeTarget;
			buildConfigurationList = 3C9462BB2A4B814400A47461 /* Build configuration list for PBXNativeTarget "Hal Ios App" */;
			buildPhases = (
				3C9462932A4B814100A47461 /* Sources */,
				3C9462942A4B814100A47461 /* Frameworks */,
				3C9462952A4B814100A47461 /* Resources */,
			);
			buildRules = (
			);
			dependencies = (
			);
			name = "Hal Ios App";
			productName = "Hal Ios App";
			productReference = 3C9462972A4B814100A47461 /* Hal Ios App.app */;
			productType = "com.apple.product-type.application";
		};
		3C9462A62A4B814300A47461 /* Hal Ios AppTests */ = {
			isa = PBXNativeTarget;
			buildConfigurationList = 3C9462BE2A4B814400A47461 /* Build configuration list for PBXNativeTarget "Hal Ios AppTests" */;
			buildPhases = (
				3C9462A32A4B814300A47461 /* Sources */,
				3C9462A42A4B814300A47461 /* Frameworks */,
				3C9462A52A4B814300A47461 /* Resources */,
			);
			buildRules = (
			);
			dependencies = (
				3C9462A92A4B814300A47461 /* PBXTargetDependency */,
			);
			name = "Hal Ios AppTests";
			productName = "Hal Ios AppTests";
			productReference = 3C9462A72A4B814300A47461 /* Hal Ios AppTests.xctest */;
			productType = "com.apple.product-type.bundle.unit-test";
		};
		3C9462B02A4B814400A47461 /* Hal Ios AppUITests */ = {
			isa = PBXNativeTarget;
			buildConfigurationList = 3C9462C12A4B814400A47461 /* Build configuration list for PBXNativeTarget "Hal Ios AppUITests" */;
			buildPhases = (
				3C9462AD2A4B814400A47461 /* Sources */,
				3C9462AE2A4B814400A47461 /* Frameworks */,
				3C9462AF2A4B814400A47461 /* Resources */,
			);
			buildRules = (
			);
			dependencies = (
				3C9462B32A4B814400A47461 /* PBXTargetDependency */,
			);
			name = "Hal Ios AppUITests";
			productName = "Hal Ios AppUITests";
			productReference = 3C9462B12A4B814400A47461 /* Hal Ios AppUITests.xctest */;
			productType = "com.apple.product-type.bundle.ui-testing";
		};
/* End PBXNativeTarget section */

/* Begin PBXProject section */
		3C94628F2A4B814100A47461 /* Project object */ = {
			isa = PBXProject;
			attributes = {
				BuildIndependentTargetsInParallel = 1;
				LastSwiftUpdateCheck = 1340;
				LastUpgradeCheck = 1340;
				TargetAttributes = {
					3C9462962A4B814100A47461 = {
						CreatedOnToolsVersion = 13.4.1;
					};
					3C9462A62A4B814300A47461 = {
						CreatedOnToolsVersion = 13.4.1;
						TestTargetID = 3C9462962A4B814100A47461;
					};
					3C9462B02A4B814400A47461 = {
						CreatedOnToolsVersion = 13.4.1;
						TestTargetID = 3C9462962A4B814100A47461;
					};
				};
			};
			buildConfigurationList = 3C9462922A4B814100A47461 /* Build configuration list for PBXProject "Hal Ios App" */;
			compatibilityVersion = "Xcode 13.0";
			developmentRegion = en;
			hasScannedForEncodings = 0;
			knownRegions = (
				en,
				Base,
			);
			mainGroup = 3C94628E2A4B814100A47461;
			productRefGroup = 3C9462982A4B814100A47461 /* Products */;
			projectDirPath = "";
			projectRoot = "";
			targets = (
				3C9462962A4B814100A47461 /* Hal Ios App */,
				3C9462A62A4B814300A47461 /* Hal Ios AppTests */,
				3C9462B02A4B814400A47461 /* Hal Ios AppUITests */,
			);
		};
/* End PBXProject section */

/* Begin PBXResourcesBuildPhase section */
		3C9462952A4B814100A47461 /* Resources */ = {
			isa = PBXResourcesBuildPhase;
			buildActionMask = 2147483647;
			files = (
				3C9462A22A4B814300A47461 /* Preview Assets.xcassets in Resources */,
				3C94629F2A4B814300A47461 /* Assets.xcassets in Resources */,
			);
			runOnlyForDeploymentPostprocessing = 0;
		};
		3C9462A52A4B814300A47461 /* Resources */ = {
			isa = PBXResourcesBuildPhase;
			buildActionMask = 2147483647;
			files = (
			);
			runOnlyForDeploymentPostprocessing = 0;
		};
		3C9462AF2A4B814400A47461 /* Resources */ = {
			isa = PBXResourcesBuildPhase;
			buildActionMask = 2147483647;
			files = (
			);
			runOnlyForDeploymentPostprocessing = 0;
		};
/* End PBXResourcesBuildPhase section */

/* Begin PBXSourcesBuildPhase section */
		3C9462932A4B814100A47461 /* Sources */ = {
			isa = PBXSourcesBuildPhase;
			buildActionMask = 2147483647;
			files = (
				3C969EF12A4E4FC2004B2995 /* GetSettingsMeta.swift in Sources */,
				3C969EF62A4F2FD5004B2995 /* SetSkill.swift in Sources */,
				3C94629D2A4B814100A47461 /* ContentView.swift in Sources */,
				3C969EEB2A4E3F35004B2995 /* RemoveSkill.swift in Sources */,
				3C130FB92A4CC883003D2181 /* DataController.swift in Sources */,
				3C0351D72A4CF57200B4C73C /* Icons.swift in Sources */,
				3C969EE82A4E3EED004B2995 /* ModifySkillsView.swift in Sources */,
				3C969EED2A4E3F8F004B2995 /* GetInstalledSkills.swift in Sources */,
				3C969EEF2A4E3FA0004B2995 /* CheckConnection.swift in Sources */,
				3C9462C52A4B986900A47461 /* InstallSkill.swift in Sources */,
				3C969EE32A4DFFFC004B2995 /* SkillAddView.swift in Sources */,
				3C130FB72A4CC639003D2181 /* Assistants.xcdatamodeld in Sources */,
				3C0351DB2A4D290D00B4C73C /* SettingsView.swift in Sources */,
				3C94629B2A4B814100A47461 /* Hal_Ios_AppApp.swift in Sources */,
				3C130FB32A4CC1C0003D2181 /* AssistantView.swift in Sources */,
				3C0351D92A4CFDF300B4C73C /* tempAssistant.swift in Sources */,
				3C0351D42A4CDF7D00B4C73C /* AssistantAdder.swift in Sources */,
			);
			runOnlyForDeploymentPostprocessing = 0;
		};
		3C9462A32A4B814300A47461 /* Sources */ = {
			isa = PBXSourcesBuildPhase;
			buildActionMask = 2147483647;
			files = (
				3C9462AC2A4B814400A47461 /* Hal_Ios_AppTests.swift in Sources */,
			);
			runOnlyForDeploymentPostprocessing = 0;
		};
		3C9462AD2A4B814400A47461 /* Sources */ = {
			isa = PBXSourcesBuildPhase;
			buildActionMask = 2147483647;
			files = (
				3C9462B82A4B814400A47461 /* Hal_Ios_AppUITestsLaunchTests.swift in Sources */,
				3C9462B62A4B814400A47461 /* Hal_Ios_AppUITests.swift in Sources */,
			);
			runOnlyForDeploymentPostprocessing = 0;
		};
/* End PBXSourcesBuildPhase section */

/* Begin PBXTargetDependency section */
		3C9462A92A4B814300A47461 /* PBXTargetDependency */ = {
			isa = PBXTargetDependency;
			target = 3C9462962A4B814100A47461 /* Hal Ios App */;
			targetProxy = 3C9462A82A4B814300A47461 /* PBXContainerItemProxy */;
		};
		3C9462B32A4B814400A47461 /* PBXTargetDependency */ = {
			isa = PBXTargetDependency;
			target = 3C9462962A4B814100A47461 /* Hal Ios App */;
			targetProxy = 3C9462B22A4B814400A47461 /* PBXContainerItemProxy */;
		};
/* End PBXTargetDependency section */

/* Begin XCBuildConfiguration section */
		3C9462B92A4B814400A47461 /* Debug */ = {
			isa = XCBuildConfiguration;
			buildSettings = {
				ALWAYS_SEARCH_USER_PATHS = NO;
				CLANG_ANALYZER_NONNULL = YES;
				CLANG_ANALYZER_NUMBER_OBJECT_CONVERSION = YES_AGGRESSIVE;
				CLANG_CXX_LANGUAGE_STANDARD = "gnu++17";
				CLANG_ENABLE_MODULES = YES;
				CLANG_ENABLE_OBJC_ARC = YES;
				CLANG_ENABLE_OBJC_WEAK = YES;
				CLANG_WARN_BLOCK_CAPTURE_AUTORELEASING = YES;
				CLANG_WARN_BOOL_CONVERSION = YES;
				CLANG_WARN_COMMA = YES;
				CLANG_WARN_CONSTANT_CONVERSION = YES;
				CLANG_WARN_DEPRECATED_OBJC_IMPLEMENTATIONS = YES;
				CLANG_WARN_DIRECT_OBJC_ISA_USAGE = YES_ERROR;
				CLANG_WARN_DOCUMENTATION_COMMENTS = YES;
				CLANG_WARN_EMPTY_BODY = YES;
				CLANG_WARN_ENUM_CONVERSION = YES;
				CLANG_WARN_INFINITE_RECURSION = YES;
				CLANG_WARN_INT_CONVERSION = YES;
				CLANG_WARN_NON_LITERAL_NULL_CONVERSION = YES;
				CLANG_WARN_OBJC_IMPLICIT_RETAIN_SELF = YES;
				CLANG_WARN_OBJC_LITERAL_CONVERSION = YES;
				CLANG_WARN_OBJC_ROOT_CLASS = YES_ERROR;
				CLANG_WARN_QUOTED_INCLUDE_IN_FRAMEWORK_HEADER = YES;
				CLANG_WARN_RANGE_LOOP_ANALYSIS = YES;
				CLANG_WARN_STRICT_PROTOTYPES = YES;
				CLANG_WARN_SUSPICIOUS_MOVE = YES;
				CLANG_WARN_UNGUARDED_AVAILABILITY = YES_AGGRESSIVE;
				CLANG_WARN_UNREACHABLE_CODE = YES;
				CLANG_WARN__DUPLICATE_METHOD_MATCH = YES;
				COPY_PHASE_STRIP = NO;
				DEBUG_INFORMATION_FORMAT = dwarf;
				ENABLE_STRICT_OBJC_MSGSEND = YES;
				ENABLE_TESTABILITY = YES;
				GCC_C_LANGUAGE_STANDARD = gnu11;
				GCC_DYNAMIC_NO_PIC = NO;
				GCC_NO_COMMON_BLOCKS = YES;
				GCC_OPTIMIZATION_LEVEL = 0;
				GCC_PREPROCESSOR_DEFINITIONS = (
					"DEBUG=1",
					"$(inherited)",
				);
				GCC_WARN_64_TO_32_BIT_CONVERSION = YES;
				GCC_WARN_ABOUT_RETURN_TYPE = YES_ERROR;
				GCC_WARN_UNDECLARED_SELECTOR = YES;
				GCC_WARN_UNINITIALIZED_AUTOS = YES_AGGRESSIVE;
				GCC_WARN_UNUSED_FUNCTION = YES;
				GCC_WARN_UNUSED_VARIABLE = YES;
				IPHONEOS_DEPLOYMENT_TARGET = 16.0;
				MTL_ENABLE_DEBUG_INFO = INCLUDE_SOURCE;
				MTL_FAST_MATH = YES;
				ONLY_ACTIVE_ARCH = YES;
				SDKROOT = iphoneos;
				SWIFT_ACTIVE_COMPILATION_CONDITIONS = DEBUG;
				SWIFT_OPTIMIZATION_LEVEL = "-Onone";
			};
			name = Debug;
		};
		3C9462BA2A4B814400A47461 /* Release */ = {
			isa = XCBuildConfiguration;
			buildSettings = {
				ALWAYS_SEARCH_USER_PATHS = NO;
				CLANG_ANALYZER_NONNULL = YES;
				CLANG_ANALYZER_NUMBER_OBJECT_CONVERSION = YES_AGGRESSIVE;
				CLANG_CXX_LANGUAGE_STANDARD = "gnu++17";
				CLANG_ENABLE_MODULES = YES;
				CLANG_ENABLE_OBJC_ARC = YES;
				CLANG_ENABLE_OBJC_WEAK = YES;
				CLANG_WARN_BLOCK_CAPTURE_AUTORELEASING = YES;
				CLANG_WARN_BOOL_CONVERSION = YES;
				CLANG_WARN_COMMA = YES;
				CLANG_WARN_CONSTANT_CONVERSION = YES;
				CLANG_WARN_DEPRECATED_OBJC_IMPLEMENTATIONS = YES;
				CLANG_WARN_DIRECT_OBJC_ISA_USAGE = YES_ERROR;
				CLANG_WARN_DOCUMENTATION_COMMENTS = YES;
				CLANG_WARN_EMPTY_BODY = YES;
				CLANG_WARN_ENUM_CONVERSION = YES;
				CLANG_WARN_INFINITE_RECURSION = YES;
				CLANG_WARN_INT_CONVERSION = YES;
				CLANG_WARN_NON_LITERAL_NULL_CONVERSION = YES;
				CLANG_WARN_OBJC_IMPLICIT_RETAIN_SELF = YES;
				CLANG_WARN_OBJC_LITERAL_CONVERSION = YES;
				CLANG_WARN_OBJC_ROOT_CLASS = YES_ERROR;
				CLANG_WARN_QUOTED_INCLUDE_IN_FRAMEWORK_HEADER = YES;
				CLANG_WARN_RANGE_LOOP_ANALYSIS = YES;
				CLANG_WARN_STRICT_PROTOTYPES = YES;
				CLANG_WARN_SUSPICIOUS_MOVE = YES;
				CLANG_WARN_UNGUARDED_AVAILABILITY = YES_AGGRESSIVE;
				CLANG_WARN_UNREACHABLE_CODE = YES;
				CLANG_WARN__DUPLICATE_METHOD_MATCH = YES;
				COPY_PHASE_STRIP = NO;
				DEBUG_INFORMATION_FORMAT = "dwarf-with-dsym";
				ENABLE_NS_ASSERTIONS = NO;
				ENABLE_STRICT_OBJC_MSGSEND = YES;
				GCC_C_LANGUAGE_STANDARD = gnu11;
				GCC_NO_COMMON_BLOCKS = YES;
				GCC_WARN_64_TO_32_BIT_CONVERSION = YES;
				GCC_WARN_ABOUT_RETURN_TYPE = YES_ERROR;
				GCC_WARN_UNDECLARED_SELECTOR = YES;
				GCC_WARN_UNINITIALIZED_AUTOS = YES_AGGRESSIVE;
				GCC_WARN_UNUSED_FUNCTION = YES;
				GCC_WARN_UNUSED_VARIABLE = YES;
				IPHONEOS_DEPLOYMENT_TARGET = 16.0;
				MTL_ENABLE_DEBUG_INFO = NO;
				MTL_FAST_MATH = YES;
				SDKROOT = iphoneos;
				SWIFT_COMPILATION_MODE = wholemodule;
				SWIFT_OPTIMIZATION_LEVEL = "-O";
				VALIDATE_PRODUCT = YES;
			};
			name = Release;
		};
		3C9462BC2A4B814400A47461 /* Debug */ = {
			isa = XCBuildConfiguration;
			buildSettings = {
				ASSETCATALOG_COMPILER_APPICON_NAME = AppIcon;
				ASSETCATALOG_COMPILER_GLOBAL_ACCENT_COLOR_NAME = AccentColor;
				CODE_SIGN_STYLE = Automatic;
				CURRENT_PROJECT_VERSION = 1;
				DEVELOPMENT_ASSET_PATHS = "\"Hal Ios App/Preview Content\"";
				DEVELOPMENT_TEAM = AFAZL82KUG;
				ENABLE_PREVIEWS = YES;
				GENERATE_INFOPLIST_FILE = YES;
				INFOPLIST_KEY_UIApplicationSceneManifest_Generation = YES;
				INFOPLIST_KEY_UIApplicationSupportsIndirectInputEvents = YES;
				INFOPLIST_KEY_UILaunchScreen_Generation = YES;
				INFOPLIST_KEY_UISupportedInterfaceOrientations = UIInterfaceOrientationPortrait;
				INFOPLIST_KEY_UISupportedInterfaceOrientations_iPad = "UIInterfaceOrientationPortrait UIInterfaceOrientationPortraitUpsideDown UIInterfaceOrientationLandscapeLeft UIInterfaceOrientationLandscapeRight";
				INFOPLIST_KEY_UISupportedInterfaceOrientations_iPhone = "UIInterfaceOrientationPortrait UIInterfaceOrientationLandscapeLeft UIInterfaceOrientationLandscapeRight";
				LD_RUNPATH_SEARCH_PATHS = (
					"$(inherited)",
					"@executable_path/Frameworks",
				);
				MARKETING_VERSION = 1.0;
				PRODUCT_BUNDLE_IDENTIFIER = "com.ballbert.Hal-Ios-App";
				PRODUCT_NAME = "$(TARGET_NAME)";
				SWIFT_EMIT_LOC_STRINGS = YES;
				SWIFT_VERSION = 5.0;
				TARGETED_DEVICE_FAMILY = "1,2";
			};
			name = Debug;
		};
		3C9462BD2A4B814400A47461 /* Release */ = {
			isa = XCBuildConfiguration;
			buildSettings = {
				ASSETCATALOG_COMPILER_APPICON_NAME = AppIcon;
				ASSETCATALOG_COMPILER_GLOBAL_ACCENT_COLOR_NAME = AccentColor;
				CODE_SIGN_STYLE = Automatic;
				CURRENT_PROJECT_VERSION = 1;
				DEVELOPMENT_ASSET_PATHS = "\"Hal Ios App/Preview Content\"";
				DEVELOPMENT_TEAM = AFAZL82KUG;
				ENABLE_PREVIEWS = YES;
				GENERATE_INFOPLIST_FILE = YES;
				INFOPLIST_KEY_UIApplicationSceneManifest_Generation = YES;
				INFOPLIST_KEY_UIApplicationSupportsIndirectInputEvents = YES;
				INFOPLIST_KEY_UILaunchScreen_Generation = YES;
				INFOPLIST_KEY_UISupportedInterfaceOrientations = UIInterfaceOrientationPortrait;
				INFOPLIST_KEY_UISupportedInterfaceOrientations_iPad = "UIInterfaceOrientationPortrait UIInterfaceOrientationPortraitUpsideDown UIInterfaceOrientationLandscapeLeft UIInterfaceOrientationLandscapeRight";
				INFOPLIST_KEY_UISupportedInterfaceOrientations_iPhone = "UIInterfaceOrientationPortrait UIInterfaceOrientationLandscapeLeft UIInterfaceOrientationLandscapeRight";
				LD_RUNPATH_SEARCH_PATHS = (
					"$(inherited)",
					"@executable_path/Frameworks",
				);
				MARKETING_VERSION = 1.0;
				PRODUCT_BUNDLE_IDENTIFIER = "com.ballbert.Hal-Ios-App";
				PRODUCT_NAME = "$(TARGET_NAME)";
				SWIFT_EMIT_LOC_STRINGS = YES;
				SWIFT_VERSION = 5.0;
				TARGETED_DEVICE_FAMILY = "1,2";
			};
			name = Release;
		};
		3C9462BF2A4B814400A47461 /* Debug */ = {
			isa = XCBuildConfiguration;
			buildSettings = {
				ALWAYS_EMBED_SWIFT_STANDARD_LIBRARIES = YES;
				BUNDLE_LOADER = "$(TEST_HOST)";
				CODE_SIGN_STYLE = Automatic;
				CURRENT_PROJECT_VERSION = 1;
				DEVELOPMENT_TEAM = AFAZL82KUG;
				GENERATE_INFOPLIST_FILE = YES;
				IPHONEOS_DEPLOYMENT_TARGET = 15.5;
				MARKETING_VERSION = 1.0;
				PRODUCT_BUNDLE_IDENTIFIER = "com.ballbert.Hal-Ios-AppTests";
				PRODUCT_NAME = "$(TARGET_NAME)";
				SWIFT_EMIT_LOC_STRINGS = NO;
				SWIFT_VERSION = 5.0;
				TARGETED_DEVICE_FAMILY = "1,2";
				TEST_HOST = "$(BUILT_PRODUCTS_DIR)/Hal Ios App.app/Hal Ios App";
			};
			name = Debug;
		};
		3C9462C02A4B814400A47461 /* Release */ = {
			isa = XCBuildConfiguration;
			buildSettings = {
				ALWAYS_EMBED_SWIFT_STANDARD_LIBRARIES = YES;
				BUNDLE_LOADER = "$(TEST_HOST)";
				CODE_SIGN_STYLE = Automatic;
				CURRENT_PROJECT_VERSION = 1;
				DEVELOPMENT_TEAM = AFAZL82KUG;
				GENERATE_INFOPLIST_FILE = YES;
				IPHONEOS_DEPLOYMENT_TARGET = 15.5;
				MARKETING_VERSION = 1.0;
				PRODUCT_BUNDLE_IDENTIFIER = "com.ballbert.Hal-Ios-AppTests";
				PRODUCT_NAME = "$(TARGET_NAME)";
				SWIFT_EMIT_LOC_STRINGS = NO;
				SWIFT_VERSION = 5.0;
				TARGETED_DEVICE_FAMILY = "1,2";
				TEST_HOST = "$(BUILT_PRODUCTS_DIR)/Hal Ios App.app/Hal Ios App";
			};
			name = Release;
		};
		3C9462C22A4B814400A47461 /* Debug */ = {
			isa = XCBuildConfiguration;
			buildSettings = {
				ALWAYS_EMBED_SWIFT_STANDARD_LIBRARIES = YES;
				CODE_SIGN_STYLE = Automatic;
				CURRENT_PROJECT_VERSION = 1;
				DEVELOPMENT_TEAM = AFAZL82KUG;
				GENERATE_INFOPLIST_FILE = YES;
				MARKETING_VERSION = 1.0;
				PRODUCT_BUNDLE_IDENTIFIER = "com.ballbert.Hal-Ios-AppUITests";
				PRODUCT_NAME = "$(TARGET_NAME)";
				SWIFT_EMIT_LOC_STRINGS = NO;
				SWIFT_VERSION = 5.0;
				TARGETED_DEVICE_FAMILY = "1,2";
				TEST_TARGET_NAME = "Hal Ios App";
			};
			name = Debug;
		};
		3C9462C32A4B814400A47461 /* Release */ = {
			isa = XCBuildConfiguration;
			buildSettings = {
				ALWAYS_EMBED_SWIFT_STANDARD_LIBRARIES = YES;
				CODE_SIGN_STYLE = Automatic;
				CURRENT_PROJECT_VERSION = 1;
				DEVELOPMENT_TEAM = AFAZL82KUG;
				GENERATE_INFOPLIST_FILE = YES;
				MARKETING_VERSION = 1.0;
				PRODUCT_BUNDLE_IDENTIFIER = "com.ballbert.Hal-Ios-AppUITests";
				PRODUCT_NAME = "$(TARGET_NAME)";
				SWIFT_EMIT_LOC_STRINGS = NO;
				SWIFT_VERSION = 5.0;
				TARGETED_DEVICE_FAMILY = "1,2";
				TEST_TARGET_NAME = "Hal Ios App";
			};
			name = Release;
		};
/* End XCBuildConfiguration section */

/* Begin XCConfigurationList section */
		3C9462922A4B814100A47461 /* Build configuration list for PBXProject "Hal Ios App" */ = {
			isa = XCConfigurationList;
			buildConfigurations = (
				3C9462B92A4B814400A47461 /* Debug */,
				3C9462BA2A4B814400A47461 /* Release */,
			);
			defaultConfigurationIsVisible = 0;
			defaultConfigurationName = Release;
		};
		3C9462BB2A4B814400A47461 /* Build configuration list for PBXNativeTarget "Hal Ios App" */ = {
			isa = XCConfigurationList;
			buildConfigurations = (
				3C9462BC2A4B814400A47461 /* Debug */,
				3C9462BD2A4B814400A47461 /* Release */,
			);
			defaultConfigurationIsVisible = 0;
			defaultConfigurationName = Release;
		};
		3C9462BE2A4B814400A47461 /* Build configuration list for PBXNativeTarget "Hal Ios AppTests" */ = {
			isa = XCConfigurationList;
			buildConfigurations = (
				3C9462BF2A4B814400A47461 /* Debug */,
				3C9462C02A4B814400A47461 /* Release */,
			);
			defaultConfigurationIsVisible = 0;
			defaultConfigurationName = Release;
		};
		3C9462C12A4B814400A47461 /* Build configuration list for PBXNativeTarget "Hal Ios AppUITests" */ = {
			isa = XCConfigurationList;
			buildConfigurations = (
				3C9462C22A4B814400A47461 /* Debug */,
				3C9462C32A4B814400A47461 /* Release */,
			);
			defaultConfigurationIsVisible = 0;
			defaultConfigurationName = Release;
		};
/* End XCConfigurationList section */

/* Begin XCVersionGroup section */
		3C130FB52A4CC639003D2181 /* Assistants.xcdatamodeld */ = {
			isa = XCVersionGroup;
			children = (
				3C130FB62A4CC639003D2181 /* Assistants.xcdatamodel */,
			);
			currentVersion = 3C130FB62A4CC639003D2181 /* Assistants.xcdatamodel */;
			path = Assistants.xcdatamodeld;
			sourceTree = "<group>";
			versionGroupType = wrapper.xcdatamodel;
		};
/* End XCVersionGroup section */
	};
	rootObject = 3C94628F2A4B814100A47461 /* Project object */;
}
